
Microsoft Visual Studio Solution File, Format Version 12.00
# Visual Studio Version 17
VisualStudioVersion = 17.14.36408.4 d17.14
MinimumVisualStudioVersion = 10.0.40219.1
Project("{FAE04EC0-301F-11D3-BF4B-00C04F79EFBC}") = "Umarejson", "Umarejson\Umarejson.csproj", "{8D11368F-316E-40C0-BB56-55130FF48B13}"
EndProject
Global
	GlobalSection(SolutionConfigurationPlatforms) = preSolution
		Debug|Any CPU = Debug|Any CPU
		Release|Any CPU = Release|Any CPU
	EndGlobalSection
	GlobalSection(ProjectConfigurationPlatforms) = postSolution
		{8D11368F-316E-40C0-BB56-55130FF48B13}.Debug|Any CPU.ActiveCfg = Debug|Any CPU
		{8D11368F-316E-40C0-BB56-55130FF48B13}.Debug|Any CPU.Build.0 = Debug|Any CPU
		{8D11368F-316E-40C0-BB56-55130FF48B13}.Release|Any CPU.ActiveCfg = Release|Any CPU
		{8D11368F-316E-40C0-BB56-55130FF48B13}.Release|Any CPU.Build.0 = Release|Any CPU
	EndGlobalSection
	GlobalSection(SolutionProperties) = preSolution
		HideSolutionNode = FALSE
	EndGlobalSection
	GlobalSection(ExtensibilityGlobals) = postSolution
		SolutionGuid = {E9E19C8E-4C2C-4F5F-9755-D93B544CDBC7}
	EndGlobalSection
EndGlobal
